// !$*UTF8*$!
{
	archiveVersion = 1;
	classes = {
	};
	objectVersion = 50;
	objects = {

/* Begin PBXBuildFile section */
		0D86DF4B2303B72C000B6A74 /* AppDelegate.swift in Sources */ = {isa = PBXBuildFile; fileRef = 0D86DF4A2303B72C000B6A74 /* AppDelegate.swift */; };
		0D86DF4D2303B72C000B6A74 /* ViewController.swift in Sources */ = {isa = PBXBuildFile; fileRef = 0D86DF4C2303B72C000B6A74 /* ViewController.swift */; };
		0D86DF502303B72C000B6A74 /* Main.storyboard in Resources */ = {isa = PBXBuildFile; fileRef = 0D86DF4E2303B72C000B6A74 /* Main.storyboard */; };
		0D86DF522303B72D000B6A74 /* Assets.xcassets in Resources */ = {isa = PBXBuildFile; fileRef = 0D86DF512303B72D000B6A74 /* Assets.xcassets */; };
		0D86DF552303B72D000B6A74 /* LaunchScreen.storyboard in Resources */ = {isa = PBXBuildFile; fileRef = 0D86DF532303B72D000B6A74 /* LaunchScreen.storyboard */; };
		0D86DF602303B72D000B6A74 /* CrashManagerDemoTests.swift in Sources */ = {isa = PBXBuildFile; fileRef = 0D86DF5F2303B72D000B6A74 /* CrashManagerDemoTests.swift */; };
		0D86DF6B2303B72D000B6A74 /* CrashManagerDemoUITests.swift in Sources */ = {isa = PBXBuildFile; fileRef = 0D86DF6A2303B72D000B6A74 /* CrashManagerDemoUITests.swift */; };
		0D86DF792303B751000B6A74 /* CrashManager.framework in Frameworks */ = {isa = PBXBuildFile; fileRef = 0D86DF782303B751000B6A74 /* CrashManager.framework */; };
		0D86DF7A2303B751000B6A74 /* CrashManager.framework in Embed Frameworks */ = {isa = PBXBuildFile; fileRef = 0D86DF782303B751000B6A74 /* CrashManager.framework */; settings = {ATTRIBUTES = (CodeSignOnCopy, RemoveHeadersOnCopy, ); }; };
/* End PBXBuildFile section */

/* Begin PBXContainerItemProxy section */
		0D86DF5C2303B72D000B6A74 /* PBXContainerItemProxy */ = {
			isa = PBXContainerItemProxy;
			containerPortal = 0D86DF3F2303B72C000B6A74 /* Project object */;
			proxyType = 1;
			remoteGlobalIDString = 0D86DF462303B72C000B6A74;
			remoteInfo = CrashManagerDemo;
		};
		0D86DF672303B72D000B6A74 /* PBXContainerItemProxy */ = {
			isa = PBXContainerItemProxy;
			containerPortal = 0D86DF3F2303B72C000B6A74 /* Project object */;
			proxyType = 1;
			remoteGlobalIDString = 0D86DF462303B72C000B6A74;
			remoteInfo = CrashManagerDemo;
		};
/* End PBXContainerItemProxy section */

/* Begin PBXCopyFilesBuildPhase section */
		0D86DF7B2303B751000B6A74 /* Embed Frameworks */ = {
			isa = PBXCopyFilesBuildPhase;
			buildActionMask = 2147483647;
			dstPath = "";
			dstSubfolderSpec = 10;
			files = (
				0D86DF7A2303B751000B6A74 /* CrashManager.framework in Embed Frameworks */,
			);
			name = "Embed Frameworks";
			runOnlyForDeploymentPostprocessing = 0;
		};
/* End PBXCopyFilesBuildPhase section */

/* Begin PBXFileReference section */
		0D498FDD2306434F00B964C7 /* CrashManagerDemo-Bridging-Header.h */ = {isa = PBXFileReference; lastKnownFileType = sourcecode.c.h; path = "CrashManagerDemo-Bridging-Header.h"; sourceTree = "<group>"; };
		0D86DF472303B72C000B6A74 /* CrashManagerDemo.app */ = {isa = PBXFileReference; explicitFileType = wrapper.application; includeInIndex = 0; path = CrashManagerDemo.app; sourceTree = BUILT_PRODUCTS_DIR; };
		0D86DF4A2303B72C000B6A74 /* AppDelegate.swift */ = {isa = PBXFileReference; lastKnownFileType = sourcecode.swift; path = AppDelegate.swift; sourceTree = "<group>"; };
		0D86DF4C2303B72C000B6A74 /* ViewController.swift */ = {isa = PBXFileReference; lastKnownFileType = sourcecode.swift; path = ViewController.swift; sourceTree = "<group>"; };
		0D86DF4F2303B72C000B6A74 /* Base */ = {isa = PBXFileReference; lastKnownFileType = file.storyboard; name = Base; path = Base.lproj/Main.storyboard; sourceTree = "<group>"; };
		0D86DF512303B72D000B6A74 /* Assets.xcassets */ = {isa = PBXFileReference; lastKnownFileType = folder.assetcatalog; path = Assets.xcassets; sourceTree = "<group>"; };
		0D86DF542303B72D000B6A74 /* Base */ = {isa = PBXFileReference; lastKnownFileType = file.storyboard; name = Base; path = Base.lproj/LaunchScreen.storyboard; sourceTree = "<group>"; };
		0D86DF562303B72D000B6A74 /* Info.plist */ = {isa = PBXFileReference; lastKnownFileType = text.plist.xml; path = Info.plist; sourceTree = "<group>"; };
		0D86DF5B2303B72D000B6A74 /* CrashManagerDemoTests.xctest */ = {isa = PBXFileReference; explicitFileType = wrapper.cfbundle; includeInIndex = 0; path = CrashManagerDemoTests.xctest; sourceTree = BUILT_PRODUCTS_DIR; };
		0D86DF5F2303B72D000B6A74 /* CrashManagerDemoTests.swift */ = {isa = PBXFileReference; lastKnownFileType = sourcecode.swift; path = CrashManagerDemoTests.swift; sourceTree = "<group>"; };
		0D86DF612303B72D000B6A74 /* Info.plist */ = {isa = PBXFileReference; lastKnownFileType = text.plist.xml; path = Info.plist; sourceTree = "<group>"; };
		0D86DF662303B72D000B6A74 /* CrashManagerDemoUITests.xctest */ = {isa = PBXFileReference; explicitFileType = wrapper.cfbundle; includeInIndex = 0; path = CrashManagerDemoUITests.xctest; sourceTree = BUILT_PRODUCTS_DIR; };
		0D86DF6A2303B72D000B6A74 /* CrashManagerDemoUITests.swift */ = {isa = PBXFileReference; lastKnownFileType = sourcecode.swift; path = CrashManagerDemoUITests.swift; sourceTree = "<group>"; };
		0D86DF6C2303B72D000B6A74 /* Info.plist */ = {isa = PBXFileReference; lastKnownFileType = text.plist.xml; path = Info.plist; sourceTree = "<group>"; };
		0D86DF782303B751000B6A74 /* CrashManager.framework */ = {isa = PBXFileReference; explicitFileType = wrapper.framework; path = CrashManager.framework; sourceTree = BUILT_PRODUCTS_DIR; };
/* End PBXFileReference section */

/* Begin PBXFrameworksBuildPhase section */
		0D86DF442303B72C000B6A74 /* Frameworks */ = {
			isa = PBXFrameworksBuildPhase;
			buildActionMask = 2147483647;
			files = (
				0D86DF792303B751000B6A74 /* CrashManager.framework in Frameworks */,
			);
			runOnlyForDeploymentPostprocessing = 0;
		};
		0D86DF582303B72D000B6A74 /* Frameworks */ = {
			isa = PBXFrameworksBuildPhase;
			buildActionMask = 2147483647;
			files = (
			);
			runOnlyForDeploymentPostprocessing = 0;
		};
		0D86DF632303B72D000B6A74 /* Frameworks */ = {
			isa = PBXFrameworksBuildPhase;
			buildActionMask = 2147483647;
			files = (
			);
			runOnlyForDeploymentPostprocessing = 0;
		};
/* End PBXFrameworksBuildPhase section */

/* Begin PBXGroup section */
		0D86DF3E2303B72C000B6A74 = {
			isa = PBXGroup;
			children = (
				0D86DF782303B751000B6A74 /* CrashManager.framework */,
				0D86DF492303B72C000B6A74 /* CrashManagerDemo */,
				0D86DF5E2303B72D000B6A74 /* CrashManagerDemoTests */,
				0D86DF692303B72D000B6A74 /* CrashManagerDemoUITests */,
				0D86DF482303B72C000B6A74 /* Products */,
			);
			sourceTree = "<group>";
		};
		0D86DF482303B72C000B6A74 /* Products */ = {
			isa = PBXGroup;
			children = (
				0D86DF472303B72C000B6A74 /* CrashManagerDemo.app */,
				0D86DF5B2303B72D000B6A74 /* CrashManagerDemoTests.xctest */,
				0D86DF662303B72D000B6A74 /* CrashManagerDemoUITests.xctest */,
			);
			name = Products;
			sourceTree = "<group>";
		};
		0D86DF492303B72C000B6A74 /* CrashManagerDemo */ = {
			isa = PBXGroup;
			children = (
				0D86DF4A2303B72C000B6A74 /* AppDelegate.swift */,
				0D86DF4C2303B72C000B6A74 /* ViewController.swift */,
				0D86DF4E2303B72C000B6A74 /* Main.storyboard */,
				0D86DF512303B72D000B6A74 /* Assets.xcassets */,
				0D86DF532303B72D000B6A74 /* LaunchScreen.storyboard */,
				0D86DF562303B72D000B6A74 /* Info.plist */,
				0D498FDD2306434F00B964C7 /* CrashManagerDemo-Bridging-Header.h */,
			);
			path = CrashManagerDemo;
			sourceTree = "<group>";
		};
		0D86DF5E2303B72D000B6A74 /* CrashManagerDemoTests */ = {
			isa = PBXGroup;
			children = (
				0D86DF5F2303B72D000B6A74 /* CrashManagerDemoTests.swift */,
				0D86DF612303B72D000B6A74 /* Info.plist */,
			);
			path = CrashManagerDemoTests;
			sourceTree = "<group>";
		};
		0D86DF692303B72D000B6A74 /* CrashManagerDemoUITests */ = {
			isa = PBXGroup;
			children = (
				0D86DF6A2303B72D000B6A74 /* CrashManagerDemoUITests.swift */,
				0D86DF6C2303B72D000B6A74 /* Info.plist */,
			);
			path = CrashManagerDemoUITests;
			sourceTree = "<group>";
		};
/* End PBXGroup section */

/* Begin PBXNativeTarget section */
		0D86DF462303B72C000B6A74 /* CrashManagerDemo */ = {
			isa = PBXNativeTarget;
			buildConfigurationList = 0D86DF6F2303B72D000B6A74 /* Build configuration list for PBXNativeTarget "CrashManagerDemo" */;
			buildPhases = (
				0D86DF432303B72C000B6A74 /* Sources */,
				0D86DF442303B72C000B6A74 /* Frameworks */,
				0D86DF452303B72C000B6A74 /* Resources */,
				0D86DF7B2303B751000B6A74 /* Embed Frameworks */,
			);
			buildRules = (
			);
			dependencies = (
			);
			name = CrashManagerDemo;
			productName = CrashManagerDemo;
			productReference = 0D86DF472303B72C000B6A74 /* CrashManagerDemo.app */;
			productType = "com.apple.product-type.application";
		};
		0D86DF5A2303B72D000B6A74 /* CrashManagerDemoTests */ = {
			isa = PBXNativeTarget;
			buildConfigurationList = 0D86DF722303B72D000B6A74 /* Build configuration list for PBXNativeTarget "CrashManagerDemoTests" */;
			buildPhases = (
				0D86DF572303B72D000B6A74 /* Sources */,
				0D86DF582303B72D000B6A74 /* Frameworks */,
				0D86DF592303B72D000B6A74 /* Resources */,
			);
			buildRules = (
			);
			dependencies = (
				0D86DF5D2303B72D000B6A74 /* PBXTargetDependency */,
			);
			name = CrashManagerDemoTests;
			productName = CrashManagerDemoTests;
			productReference = 0D86DF5B2303B72D000B6A74 /* CrashManagerDemoTests.xctest */;
			productType = "com.apple.product-type.bundle.unit-test";
		};
		0D86DF652303B72D000B6A74 /* CrashManagerDemoUITests */ = {
			isa = PBXNativeTarget;
			buildConfigurationList = 0D86DF752303B72D000B6A74 /* Build configuration list for PBXNativeTarget "CrashManagerDemoUITests" */;
			buildPhases = (
				0D86DF622303B72D000B6A74 /* Sources */,
				0D86DF632303B72D000B6A74 /* Frameworks */,
				0D86DF642303B72D000B6A74 /* Resources */,
			);
			buildRules = (
			);
			dependencies = (
				0D86DF682303B72D000B6A74 /* PBXTargetDependency */,
			);
			name = CrashManagerDemoUITests;
			productName = CrashManagerDemoUITests;
			productReference = 0D86DF662303B72D000B6A74 /* CrashManagerDemoUITests.xctest */;
			productType = "com.apple.product-type.bundle.ui-testing";
		};
/* End PBXNativeTarget section */

/* Begin PBXProject section */
		0D86DF3F2303B72C000B6A74 /* Project object */ = {
			isa = PBXProject;
			attributes = {
				LastSwiftUpdateCheck = 1030;
				LastUpgradeCheck = 1030;
				ORGANIZATIONNAME = Rogdoll;
				TargetAttributes = {
					0D86DF462303B72C000B6A74 = {
						CreatedOnToolsVersion = 10.3;
						LastSwiftMigration = 1030;
					};
					0D86DF5A2303B72D000B6A74 = {
						CreatedOnToolsVersion = 10.3;
						TestTargetID = 0D86DF462303B72C000B6A74;
					};
					0D86DF652303B72D000B6A74 = {
						CreatedOnToolsVersion = 10.3;
						TestTargetID = 0D86DF462303B72C000B6A74;
					};
				};
			};
			buildConfigurationList = 0D86DF422303B72C000B6A74 /* Build configuration list for PBXProject "CrashManagerDemo" */;
			compatibilityVersion = "Xcode 9.3";
			developmentRegion = en;
			hasScannedForEncodings = 0;
			knownRegions = (
				en,
				Base,
			);
			mainGroup = 0D86DF3E2303B72C000B6A74;
			productRefGroup = 0D86DF482303B72C000B6A74 /* Products */;
			projectDirPath = "";
			projectRoot = "";
			targets = (
				0D86DF462303B72C000B6A74 /* CrashManagerDemo */,
				0D86DF5A2303B72D000B6A74 /* CrashManagerDemoTests */,
				0D86DF652303B72D000B6A74 /* CrashManagerDemoUITests */,
			);
		};
/* End PBXProject section */

/* Begin PBXResourcesBuildPhase section */
		0D86DF452303B72C000B6A74 /* Resources */ = {
			isa = PBXResourcesBuildPhase;
			buildActionMask = 2147483647;
			files = (
				0D86DF552303B72D000B6A74 /* LaunchScreen.storyboard in Resources */,
				0D86DF522303B72D000B6A74 /* Assets.xcassets in Resources */,
				0D86DF502303B72C000B6A74 /* Main.storyboard in Resources */,
			);
			runOnlyForDeploymentPostprocessing = 0;
		};
		0D86DF592303B72D000B6A74 /* Resources */ = {
			isa = PBXResourcesBuildPhase;
			buildActionMask = 2147483647;
			files = (
			);
			runOnlyForDeploymentPostprocessing = 0;
		};
		0D86DF642303B72D000B6A74 /* Resources */ = {
			isa = PBXResourcesBuildPhase;
			buildActionMask = 2147483647;
			files = (
			);
			runOnlyForDeploymentPostprocessing = 0;
		};
/* End PBXResourcesBuildPhase section */

/* Begin PBXSourcesBuildPhase section */
		0D86DF432303B72C000B6A74 /* Sources */ = {
			isa = PBXSourcesBuildPhase;
			buildActionMask = 2147483647;
			files = (
				0D86DF4D2303B72C000B6A74 /* ViewController.swift in Sources */,
				0D86DF4B2303B72C000B6A74 /* AppDelegate.swift in Sources */,
			);
			runOnlyForDeploymentPostprocessing = 0;
		};
		0D86DF572303B72D000B6A74 /* Sources */ = {
			isa = PBXSourcesBuildPhase;
			buildActionMask = 2147483647;
			files = (
				0D86DF602303B72D000B6A74 /* CrashManagerDemoTests.swift in Sources */,
			);
			runOnlyForDeploymentPostprocessing = 0;
		};
		0D86DF622303B72D000B6A74 /* Sources */ = {
			isa = PBXSourcesBuildPhase;
			buildActionMask = 2147483647;
			files = (
				0D86DF6B2303B72D000B6A74 /* CrashManagerDemoUITests.swift in Sources */,
			);
			runOnlyForDeploymentPostprocessing = 0;
		};
/* End PBXSourcesBuildPhase section */

/* Begin PBXTargetDependency section */
		0D86DF5D2303B72D000B6A74 /* PBXTargetDependency */ = {
			isa = PBXTargetDependency;
			target = 0D86DF462303B72C000B6A74 /* CrashManagerDemo */;
			targetProxy = 0D86DF5C2303B72D000B6A74 /* PBXContainerItemProxy */;
		};
		0D86DF682303B72D000B6A74 /* PBXTargetDependency */ = {
			isa = PBXTargetDependency;
			target = 0D86DF462303B72C000B6A74 /* CrashManagerDemo */;
			targetProxy = 0D86DF672303B72D000B6A74 /* PBXContainerItemProxy */;
		};
/* End PBXTargetDependency section */

/* Begin PBXVariantGroup section */
		0D86DF4E2303B72C000B6A74 /* Main.storyboard */ = {
			isa = PBXVariantGroup;
			children = (
				0D86DF4F2303B72C000B6A74 /* Base */,
			);
			name = Main.storyboard;
			sourceTree = "<group>";
		};
		0D86DF532303B72D000B6A74 /* LaunchScreen.storyboard */ = {
			isa = PBXVariantGroup;
			children = (
				0D86DF542303B72D000B6A74 /* Base */,
			);
			name = LaunchScreen.storyboard;
			sourceTree = "<group>";
		};
/* End PBXVariantGroup section */

/* Begin XCBuildConfiguration section */
		0D86DF6D2303B72D000B6A74 /* Debug */ = {
			isa = XCBuildConfiguration;
			buildSettings = {
				ALWAYS_SEARCH_USER_PATHS = NO;
				CLANG_ANALYZER_NONNULL = YES;
				CLANG_ANALYZER_NUMBER_OBJECT_CONVERSION = YES_AGGRESSIVE;
				CLANG_CXX_LANGUAGE_STANDARD = "gnu++14";
				CLANG_CXX_LIBRARY = "libc++";
				CLANG_ENABLE_MODULES = YES;
				CLANG_ENABLE_OBJC_ARC = YES;
				CLANG_ENABLE_OBJC_WEAK = YES;
				CLANG_WARN_BLOCK_CAPTURE_AUTORELEASING = YES;
				CLANG_WARN_BOOL_CONVERSION = YES;
				CLANG_WARN_COMMA = YES;
				CLANG_WARN_CONSTANT_CONVERSION = YES;
				CLANG_WARN_DEPRECATED_OBJC_IMPLEMENTATIONS = YES;
				CLANG_WARN_DIRECT_OBJC_ISA_USAGE = YES_ERROR;
				CLANG_WARN_DOCUMENTATION_COMMENTS = YES;
				CLANG_WARN_EMPTY_BODY = YES;
				CLANG_WARN_ENUM_CONVERSION = YES;
				CLANG_WARN_INFINITE_RECURSION = YES;
				CLANG_WARN_INT_CONVERSION = YES;
				CLANG_WARN_NON_LITERAL_NULL_CONVERSION = YES;
				CLANG_WARN_OBJC_IMPLICIT_RETAIN_SELF = YES;
				CLANG_WARN_OBJC_LITERAL_CONVERSION = YES;
				CLANG_WARN_OBJC_ROOT_CLASS = YES_ERROR;
				CLANG_WARN_RANGE_LOOP_ANALYSIS = YES;
				CLANG_WARN_STRICT_PROTOTYPES = YES;
				CLANG_WARN_SUSPICIOUS_MOVE = YES;
				CLANG_WARN_UNGUARDED_AVAILABILITY = YES_AGGRESSIVE;
				CLANG_WARN_UNREACHABLE_CODE = YES;
				CLANG_WARN__DUPLICATE_METHOD_MATCH = YES;
				CODE_SIGN_IDENTITY = "iPhone Developer";
				COPY_PHASE_STRIP = NO;
				DEBUG_INFORMATION_FORMAT = dwarf;
				ENABLE_STRICT_OBJC_MSGSEND = YES;
				ENABLE_TESTABILITY = YES;
				GCC_C_LANGUAGE_STANDARD = gnu11;
				GCC_DYNAMIC_NO_PIC = NO;
				GCC_NO_COMMON_BLOCKS = YES;
				GCC_OPTIMIZATION_LEVEL = 0;
				GCC_PREPROCESSOR_DEFINITIONS = (
					"DEBUG=1",
					"$(inherited)",
				);
				GCC_WARN_64_TO_32_BIT_CONVERSION = YES;
				GCC_WARN_ABOUT_RETURN_TYPE = YES_ERROR;
				GCC_WARN_UNDECLARED_SELECTOR = YES;
				GCC_WARN_UNINITIALIZED_AUTOS = YES_AGGRESSIVE;
				GCC_WARN_UNUSED_FUNCTION = YES;
				GCC_WARN_UNUSED_VARIABLE = YES;
				IPHONEOS_DEPLOYMENT_TARGET = 12.4;
				MTL_ENABLE_DEBUG_INFO = INCLUDE_SOURCE;
				MTL_FAST_MATH = YES;
				ONLY_ACTIVE_ARCH = YES;
				SDKROOT = iphoneos;
				SWIFT_ACTIVE_COMPILATION_CONDITIONS = DEBUG;
				SWIFT_OPTIMIZATION_LEVEL = "-Onone";
			};
			name = Debug;
		};
		0D86DF6E2303B72D000B6A74 /* Release */ = {
			isa = XCBuildConfiguration;
			buildSettings = {
				ALWAYS_SEARCH_USER_PATHS = NO;
				CLANG_ANALYZER_NONNULL = YES;
				CLANG_ANALYZER_NUMBER_OBJECT_CONVERSION = YES_AGGRESSIVE;
				CLANG_CXX_LANGUAGE_STANDARD = "gnu++14";
				CLANG_CXX_LIBRARY = "libc++";
				CLANG_ENABLE_MODULES = YES;
				CLANG_ENABLE_OBJC_ARC = YES;
				CLANG_ENABLE_OBJC_WEAK = YES;
				CLANG_WARN_BLOCK_CAPTURE_AUTORELEASING = YES;
				CLANG_WARN_BOOL_CONVERSION = YES;
				CLANG_WARN_COMMA = YES;
				CLANG_WARN_CONSTANT_CONVERSION = YES;
				CLANG_WARN_DEPRECATED_OBJC_IMPLEMENTATIONS = YES;
				CLANG_WARN_DIRECT_OBJC_ISA_USAGE = YES_ERROR;
				CLANG_WARN_DOCUMENTATION_COMMENTS = YES;
				CLANG_WARN_EMPTY_BODY = YES;
				CLANG_WARN_ENUM_CONVERSION = YES;
				CLANG_WARN_INFINITE_RECURSION = YES;
				CLANG_WARN_INT_CONVERSION = YES;
				CLANG_WARN_NON_LITERAL_NULL_CONVERSION = YES;
				CLANG_WARN_OBJC_IMPLICIT_RETAIN_SELF = YES;
				CLANG_WARN_OBJC_LITERAL_CONVERSION = YES;
				CLANG_WARN_OBJC_ROOT_CLASS = YES_ERROR;
				CLANG_WARN_RANGE_LOOP_ANALYSIS = YES;
				CLANG_WARN_STRICT_PROTOTYPES = YES;
				CLANG_WARN_SUSPICIOUS_MOVE = YES;
				CLANG_WARN_UNGUARDED_AVAILABILITY = YES_AGGRESSIVE;
				CLANG_WARN_UNREACHABLE_CODE = YES;
				CLANG_WARN__DUPLICATE_METHOD_MATCH = YES;
				CODE_SIGN_IDENTITY = "iPhone Developer";
				COPY_PHASE_STRIP = NO;
				DEBUG_INFORMATION_FORMAT = "dwarf-with-dsym";
				ENABLE_NS_ASSERTIONS = NO;
				ENABLE_STRICT_OBJC_MSGSEND = YES;
				GCC_C_LANGUAGE_STANDARD = gnu11;
				GCC_NO_COMMON_BLOCKS = YES;
				GCC_WARN_64_TO_32_BIT_CONVERSION = YES;
				GCC_WARN_ABOUT_RETURN_TYPE = YES_ERROR;
				GCC_WARN_UNDECLARED_SELECTOR = YES;
				GCC_WARN_UNINITIALIZED_AUTOS = YES_AGGRESSIVE;
				GCC_WARN_UNUSED_FUNCTION = YES;
				GCC_WARN_UNUSED_VARIABLE = YES;
				IPHONEOS_DEPLOYMENT_TARGET = 12.4;
				MTL_ENABLE_DEBUG_INFO = NO;
				MTL_FAST_MATH = YES;
				SDKROOT = iphoneos;
				SWIFT_COMPILATION_MODE = wholemodule;
				SWIFT_OPTIMIZATION_LEVEL = "-O";
				VALIDATE_PRODUCT = YES;
			};
			name = Release;
		};
		0D86DF702303B72D000B6A74 /* Debug */ = {
			isa = XCBuildConfiguration;
			buildSettings = {
				ASSETCATALOG_COMPILER_APPICON_NAME = AppIcon;
				CLANG_ENABLE_MODULES = YES;
				CODE_SIGN_STYLE = Automatic;
				DEVELOPMENT_TEAM = "";
				INFOPLIST_FILE = CrashManagerDemo/Info.plist;
				LD_RUNPATH_SEARCH_PATHS = (
					"$(inherited)",
					"@executable_path/Frameworks",
				);
				PRODUCT_BUNDLE_IDENTIFIER = com.rogdoll.CrashManagerDemo;
				PRODUCT_NAME = "$(TARGET_NAME)";
				SWIFT_OBJC_BRIDGING_HEADER = "CrashManagerDemo/CrashManagerDemo-Bridging-Header.h";
				SWIFT_OPTIMIZATION_LEVEL = "-Onone";
				SWIFT_VERSION = 5.0;
				TARGETED_DEVICE_FAMILY = "1,2";
			};
			name = Debug;
		};
		0D86DF712303B72D000B6A74 /* Release */ = {
			isa = XCBuildConfiguration;
			buildSettings = {
				ASSETCATALOG_COMPILER_APPICON_NAME = AppIcon;
				CLANG_ENABLE_MODULES = YES;
				CODE_SIGN_STYLE = Automatic;
				DEVELOPMENT_TEAM = "";
				INFOPLIST_FILE = CrashManagerDemo/Info.plist;
				LD_RUNPATH_SEARCH_PATHS = (
					"$(inherited)",
					"@executable_path/Frameworks",
				);
				PRODUCT_BUNDLE_IDENTIFIER = com.rogdoll.CrashManagerDemo;
				PRODUCT_NAME = "$(TARGET_NAME)";
				SWIFT_OBJC_BRIDGING_HEADER = "CrashManagerDemo/CrashManagerDemo-Bridging-Header.h";
				SWIFT_VERSION = 5.0;
				TARGETED_DEVICE_FAMILY = "1,2";
			};
			name = Release;
		};
		0D86DF732303B72D000B6A74 /* Debug */ = {
			isa = XCBuildConfiguration;
			buildSettings = {
				ALWAYS_EMBED_SWIFT_STANDARD_LIBRARIES = YES;
				BUNDLE_LOADER = "$(TEST_HOST)";
				CODE_SIGN_STYLE = Automatic;
				DEVELOPMENT_TEAM = "";
				INFOPLIST_FILE = CrashManagerDemoTests/Info.plist;
				LD_RUNPATH_SEARCH_PATHS = (
					"$(inherited)",
					"@executable_path/Frameworks",
					"@loader_path/Frameworks",
				);
				PRODUCT_BUNDLE_IDENTIFIER = com.rogdoll.CrashManagerDemoTests;
				PRODUCT_NAME = "$(TARGET_NAME)";
				SWIFT_VERSION = 5.0;
				TARGETED_DEVICE_FAMILY = "1,2";
				TEST_HOST = "$(BUILT_PRODUCTS_DIR)/CrashManagerDemo.app/CrashManagerDemo";
			};
			name = Debug;
		};
		0D86DF742303B72D000B6A74 /* Release */ = {
			isa = XCBuildConfiguration;
			buildSettings = {
				ALWAYS_EMBED_SWIFT_STANDARD_LIBRARIES = YES;
				BUNDLE_LOADER = "$(TEST_HOST)";
				CODE_SIGN_STYLE = Automatic;
				DEVELOPMENT_TEAM = "";
				INFOPLIST_FILE = CrashManagerDemoTests/Info.plist;
				LD_RUNPATH_SEARCH_PATHS = (
					"$(inherited)",
					"@executable_path/Frameworks",
					"@loader_path/Frameworks",
				);
				PRODUCT_BUNDLE_IDENTIFIER = com.rogdoll.CrashManagerDemoTests;
				PRODUCT_NAME = "$(TARGET_NAME)";
				SWIFT_VERSION = 5.0;
				TARGETED_DEVICE_FAMILY = "1,2";
				TEST_HOST = "$(BUILT_PRODUCTS_DIR)/CrashManagerDemo.app/CrashManagerDemo";
			};
			name = Release;
		};
		0D86DF762303B72D000B6A74 /* Debug */ = {
			isa = XCBuildConfiguration;
			buildSettings = {
				ALWAYS_EMBED_SWIFT_STANDARD_LIBRARIES = YES;
				CODE_SIGN_STYLE = Automatic;
				DEVELOPMENT_TEAM = "";
				INFOPLIST_FILE = CrashManagerDemoUITests/Info.plist;
				LD_RUNPATH_SEARCH_PATHS = (
					"$(inherited)",
					"@executable_path/Frameworks",
					"@loader_path/Frameworks",
				);
				PRODUCT_BUNDLE_IDENTIFIER = com.rogdoll.CrashManagerDemoUITests;
				PRODUCT_NAME = "$(TARGET_NAME)";
				SWIFT_VERSION = 5.0;
				TARGETED_DEVICE_FAMILY = "1,2";
				TEST_TARGET_NAME = CrashManagerDemo;
			};
			name = Debug;
		};
		0D86DF772303B72D000B6A74 /* Release */ = {
			isa = XCBuildConfiguration;
			buildSettings = {
				ALWAYS_EMBED_SWIFT_STANDARD_LIBRARIES = YES;
				CODE_SIGN_STYLE = Automatic;
				DEVELOPMENT_TEAM = "";
				INFOPLIST_FILE = CrashManagerDemoUITests/Info.plist;
				LD_RUNPATH_SEARCH_PATHS = (
					"$(inherited)",
					"@executable_path/Frameworks",
					"@loader_path/Frameworks",
				);
				PRODUCT_BUNDLE_IDENTIFIER = com.rogdoll.CrashManagerDemoUITests;
				PRODUCT_NAME = "$(TARGET_NAME)";
				SWIFT_VERSION = 5.0;
				TARGETED_DEVICE_FAMILY = "1,2";
				TEST_TARGET_NAME = CrashManagerDemo;
			};
			name = Release;
		};
/* End XCBuildConfiguration section */

/* Begin XCConfigurationList section */
		0D86DF422303B72C000B6A74 /* Build configuration list for PBXProject "CrashManagerDemo" */ = {
			isa = XCConfigurationList;
			buildConfigurations = (
				0D86DF6D2303B72D000B6A74 /* Debug */,
				0D86DF6E2303B72D000B6A74 /* Release */,
			);
			defaultConfigurationIsVisible = 0;
			defaultConfigurationName = Release;
		};
		0D86DF6F2303B72D000B6A74 /* Build configuration list for PBXNativeTarget "CrashManagerDemo" */ = {
			isa = XCConfigurationList;
			buildConfigurations = (
				0D86DF702303B72D000B6A74 /* Debug */,
				0D86DF712303B72D000B6A74 /* Release */,
			);
			defaultConfigurationIsVisible = 0;
			defaultConfigurationName = Release;
		};
		0D86DF722303B72D000B6A74 /* Build configuration list for PBXNativeTarget "CrashManagerDemoTests" */ = {
			isa = XCConfigurationList;
			buildConfigurations = (
				0D86DF732303B72D000B6A74 /* Debug */,
				0D86DF742303B72D000B6A74 /* Release */,
			);
			defaultConfigurationIsVisible = 0;
			defaultConfigurationName = Release;
		};
		0D86DF752303B72D000B6A74 /* Build configuration list for PBXNativeTarget "CrashManagerDemoUITests" */ = {
			isa = XCConfigurationList;
			buildConfigurations = (
				0D86DF762303B72D000B6A74 /* Debug */,
				0D86DF772303B72D000B6A74 /* Release */,
			);
			defaultConfigurationIsVisible = 0;
			defaultConfigurationName = Release;
		};
/* End XCConfigurationList section */
	};
	rootObject = 0D86DF3F2303B72C000B6A74 /* Project object */;
}
